// !$*UTF8*$!
{
	archiveVersion = 1;
	classes = {
	};
	objectVersion = 50;
	objects = {

/* Begin PBXBuildFile section */
		6D922D212594EC6400F35B90 /* VideosVC.swift in Sources */ = {isa = PBXBuildFile; fileRef = 6D922D202594EC6400F35B90 /* VideosVC.swift */; };
		6D922D242594ECAA00F35B90 /* Constants.swift in Sources */ = {isa = PBXBuildFile; fileRef = 6D922D232594ECAA00F35B90 /* Constants.swift */; };
		6D922D282594EEC700F35B90 /* GamesVC.swift in Sources */ = {isa = PBXBuildFile; fileRef = 6D922D272594EEC700F35B90 /* GamesVC.swift */; };
		6D922D2B259513B400F35B90 /* AlertContainerView.swift in Sources */ = {isa = PBXBuildFile; fileRef = 6D922D2A259513B400F35B90 /* AlertContainerView.swift */; };
		6D922D2F259514BB00F35B90 /* UIViewController+Alert.swift in Sources */ = {isa = PBXBuildFile; fileRef = 6D922D2E259514BB00F35B90 /* UIViewController+Alert.swift */; };
		6D922D332595158D00F35B90 /* AlertViewController.swift in Sources */ = {isa = PBXBuildFile; fileRef = 6D922D322595158D00F35B90 /* AlertViewController.swift */; };
		6D922D3825951F0400F35B90 /* Localizable.strings in Resources */ = {isa = PBXBuildFile; fileRef = 6D922D3A25951F0400F35B90 /* Localizable.strings */; };
		6DF17227258EA0F000C3631D /* AppDelegate.swift in Sources */ = {isa = PBXBuildFile; fileRef = 6DF17226258EA0F000C3631D /* AppDelegate.swift */; };
		6DF17229258EA0F000C3631D /* SceneDelegate.swift in Sources */ = {isa = PBXBuildFile; fileRef = 6DF17228258EA0F000C3631D /* SceneDelegate.swift */; };
		6DF1722B258EA0F000C3631D /* BeyondLimitsVC.swift in Sources */ = {isa = PBXBuildFile; fileRef = 6DF1722A258EA0F000C3631D /* BeyondLimitsVC.swift */; };
		6DF17230258EA0F000C3631D /* Assets.xcassets in Resources */ = {isa = PBXBuildFile; fileRef = 6DF1722F258EA0F000C3631D /* Assets.xcassets */; };
		6DF17233258EA0F000C3631D /* LaunchScreen.storyboard in Resources */ = {isa = PBXBuildFile; fileRef = 6DF17231258EA0F000C3631D /* LaunchScreen.storyboard */; };
		6DF17240258FBDB900C3631D /* MainButton.swift in Sources */ = {isa = PBXBuildFile; fileRef = 6DF1723F258FBDB900C3631D /* MainButton.swift */; };
		6DF17243258FC1D200C3631D /* ProfileVC.swift in Sources */ = {isa = PBXBuildFile; fileRef = 6DF17242258FC1D200C3631D /* ProfileVC.swift */; };
		6DF1724B258FE5CB00C3631D /* CheckStatsVC.swift in Sources */ = {isa = PBXBuildFile; fileRef = 6DF1724A258FE5CB00C3631D /* CheckStatsVC.swift */; };
		6DF1724E258FF06F00C3631D /* ItemInfo.swift in Sources */ = {isa = PBXBuildFile; fileRef = 6DF1724D258FF06F00C3631D /* ItemInfo.swift */; };
		6DF17251258FF0FD00C3631D /* TitleLabel.swift in Sources */ = {isa = PBXBuildFile; fileRef = 6DF17250258FF0FD00C3631D /* TitleLabel.swift */; };
/* End PBXBuildFile section */

/* Begin PBXFileReference section */
		6D922D202594EC6400F35B90 /* VideosVC.swift */ = {isa = PBXFileReference; lastKnownFileType = sourcecode.swift; path = VideosVC.swift; sourceTree = "<group>"; };
		6D922D232594ECAA00F35B90 /* Constants.swift */ = {isa = PBXFileReference; lastKnownFileType = sourcecode.swift; path = Constants.swift; sourceTree = "<group>"; };
		6D922D272594EEC700F35B90 /* GamesVC.swift */ = {isa = PBXFileReference; lastKnownFileType = sourcecode.swift; path = GamesVC.swift; sourceTree = "<group>"; };
		6D922D2A259513B400F35B90 /* AlertContainerView.swift */ = {isa = PBXFileReference; lastKnownFileType = sourcecode.swift; path = AlertContainerView.swift; sourceTree = "<group>"; };
		6D922D2E259514BB00F35B90 /* UIViewController+Alert.swift */ = {isa = PBXFileReference; lastKnownFileType = sourcecode.swift; path = "UIViewController+Alert.swift"; sourceTree = "<group>"; };
		6D922D322595158D00F35B90 /* AlertViewController.swift */ = {isa = PBXFileReference; lastKnownFileType = sourcecode.swift; path = AlertViewController.swift; sourceTree = "<group>"; };
		6D922D3925951F0400F35B90 /* en */ = {isa = PBXFileReference; lastKnownFileType = text.plist.strings; name = en; path = en.lproj/Localizable.strings; sourceTree = "<group>"; };
		6DF0B949259530AE007AAE63 /* ru */ = {isa = PBXFileReference; lastKnownFileType = text.plist.strings; name = ru; path = ru.lproj/LaunchScreen.strings; sourceTree = "<group>"; };
		6DF0B94A259530AE007AAE63 /* ru */ = {isa = PBXFileReference; lastKnownFileType = text.plist.strings; name = ru; path = ru.lproj/Localizable.strings; sourceTree = "<group>"; };
		6DF0B94C25953238007AAE63 /* ar */ = {isa = PBXFileReference; lastKnownFileType = text.plist.strings; name = ar; path = ar.lproj/LaunchScreen.strings; sourceTree = "<group>"; };
		6DF0B94D25953238007AAE63 /* ar */ = {isa = PBXFileReference; lastKnownFileType = text.plist.strings; name = ar; path = ar.lproj/Localizable.strings; sourceTree = "<group>"; };
		6DF17223258EA0F000C3631D /* BeyondLimits.app */ = {isa = PBXFileReference; explicitFileType = wrapper.application; includeInIndex = 0; path = BeyondLimits.app; sourceTree = BUILT_PRODUCTS_DIR; };
		6DF17226258EA0F000C3631D /* AppDelegate.swift */ = {isa = PBXFileReference; lastKnownFileType = sourcecode.swift; path = AppDelegate.swift; sourceTree = "<group>"; };
		6DF17228258EA0F000C3631D /* SceneDelegate.swift */ = {isa = PBXFileReference; lastKnownFileType = sourcecode.swift; path = SceneDelegate.swift; sourceTree = "<group>"; };
		6DF1722A258EA0F000C3631D /* BeyondLimitsVC.swift */ = {isa = PBXFileReference; lastKnownFileType = sourcecode.swift; path = BeyondLimitsVC.swift; sourceTree = "<group>"; };
		6DF1722F258EA0F000C3631D /* Assets.xcassets */ = {isa = PBXFileReference; lastKnownFileType = folder.assetcatalog; path = Assets.xcassets; sourceTree = "<group>"; };
		6DF17232258EA0F000C3631D /* Base */ = {isa = PBXFileReference; lastKnownFileType = file.storyboard; name = Base; path = Base.lproj/LaunchScreen.storyboard; sourceTree = "<group>"; };
		6DF17234258EA0F000C3631D /* Info.plist */ = {isa = PBXFileReference; lastKnownFileType = text.plist.xml; path = Info.plist; sourceTree = "<group>"; };
		6DF1723F258FBDB900C3631D /* MainButton.swift */ = {isa = PBXFileReference; lastKnownFileType = sourcecode.swift; path = MainButton.swift; sourceTree = "<group>"; };
		6DF17242258FC1D200C3631D /* ProfileVC.swift */ = {isa = PBXFileReference; lastKnownFileType = sourcecode.swift; path = ProfileVC.swift; sourceTree = "<group>"; };
		6DF1724A258FE5CB00C3631D /* CheckStatsVC.swift */ = {isa = PBXFileReference; lastKnownFileType = sourcecode.swift; path = CheckStatsVC.swift; sourceTree = "<group>"; };
		6DF1724D258FF06F00C3631D /* ItemInfo.swift */ = {isa = PBXFileReference; lastKnownFileType = sourcecode.swift; path = ItemInfo.swift; sourceTree = "<group>"; };
		6DF17250258FF0FD00C3631D /* TitleLabel.swift */ = {isa = PBXFileReference; lastKnownFileType = sourcecode.swift; path = TitleLabel.swift; sourceTree = "<group>"; };
/* End PBXFileReference section */

/* Begin PBXFrameworksBuildPhase section */
		6DF17220258EA0F000C3631D /* Frameworks */ = {
			isa = PBXFrameworksBuildPhase;
			buildActionMask = 2147483647;
			files = (
			);
			runOnlyForDeploymentPostprocessing = 0;
		};
/* End PBXFrameworksBuildPhase section */

/* Begin PBXGroup section */
		6D922D2D259514A600F35B90 /* Extension */ = {
			isa = PBXGroup;
			children = (
				6D922D2E259514BB00F35B90 /* UIViewController+Alert.swift */,
			);
			path = Extension;
			sourceTree = "<group>";
		};
		6DF0B9D82595EC26007AAE63 /* Alert */ = {
			isa = PBXGroup;
			children = (
				6D922D2A259513B400F35B90 /* AlertContainerView.swift */,
			);
			path = Alert;
			sourceTree = "<group>";
		};
		6DF1721A258EA0F000C3631D = {
			isa = PBXGroup;
			children = (
				6D922D3A25951F0400F35B90 /* Localizable.strings */,
				6DF17225258EA0F000C3631D /* BeyondLimits */,
				6DF17224258EA0F000C3631D /* Products */,
			);
			sourceTree = "<group>";
		};
		6DF17224258EA0F000C3631D /* Products */ = {
			isa = PBXGroup;
			children = (
				6DF17223258EA0F000C3631D /* BeyondLimits.app */,
			);
			name = Products;
			sourceTree = "<group>";
		};
		6DF17225258EA0F000C3631D /* BeyondLimits */ = {
			isa = PBXGroup;
			children = (
				6D922D232594ECAA00F35B90 /* Constants.swift */,
				6DF1722A258EA0F000C3631D /* BeyondLimitsVC.swift */,
				6DF17242258FC1D200C3631D /* ProfileVC.swift */,
				6D922D2D259514A600F35B90 /* Extension */,
				6DF1723E258FBD8600C3631D /* Views */,
				6DF17226258EA0F000C3631D /* AppDelegate.swift */,
				6DF17228258EA0F000C3631D /* SceneDelegate.swift */,
				6DF1722F258EA0F000C3631D /* Assets.xcassets */,
				6DF17231258EA0F000C3631D /* LaunchScreen.storyboard */,
				6DF17234258EA0F000C3631D /* Info.plist */,
			);
			path = BeyondLimits;
			sourceTree = "<group>";
		};
		6DF1723E258FBD8600C3631D /* Views */ = {
			isa = PBXGroup;
			children = (
				6DF17249258FE4D400C3631D /* ViewControllers */,
				6DF17248258FE4CC00C3631D /* Buttons */,
				6DF1724D258FF06F00C3631D /* ItemInfo.swift */,
				6DF17250258FF0FD00C3631D /* TitleLabel.swift */,
				6DF0B9D82595EC26007AAE63 /* Alert */,
			);
			path = Views;
			sourceTree = "<group>";
		};
		6DF17248258FE4CC00C3631D /* Buttons */ = {
			isa = PBXGroup;
			children = (
				6DF1723F258FBDB900C3631D /* MainButton.swift */,
			);
			path = Buttons;
			sourceTree = "<group>";
		};
		6DF17249258FE4D400C3631D /* ViewControllers */ = {
			isa = PBXGroup;
			children = (
				6DF1724A258FE5CB00C3631D /* CheckStatsVC.swift */,
				6D922D202594EC6400F35B90 /* VideosVC.swift */,
				6D922D272594EEC700F35B90 /* GamesVC.swift */,
				6D922D322595158D00F35B90 /* AlertViewController.swift */,
			);
			path = ViewControllers;
			sourceTree = "<group>";
		};
/* End PBXGroup section */

/* Begin PBXNativeTarget section */
		6DF17222258EA0F000C3631D /* BeyondLimits */ = {
			isa = PBXNativeTarget;
			buildConfigurationList = 6DF17237258EA0F000C3631D /* Build configuration list for PBXNativeTarget "BeyondLimits" */;
			buildPhases = (
				6DF1721F258EA0F000C3631D /* Sources */,
				6DF17220258EA0F000C3631D /* Frameworks */,
				6DF17221258EA0F000C3631D /* Resources */,
			);
			buildRules = (
			);
			dependencies = (
			);
			name = BeyondLimits;
			productName = BeyondLimits;
			productReference = 6DF17223258EA0F000C3631D /* BeyondLimits.app */;
			productType = "com.apple.product-type.application";
		};
/* End PBXNativeTarget section */

/* Begin PBXProject section */
		6DF1721B258EA0F000C3631D /* Project object */ = {
			isa = PBXProject;
			attributes = {
				LastSwiftUpdateCheck = 1210;
				LastUpgradeCheck = 1210;
				TargetAttributes = {
					6DF17222258EA0F000C3631D = {
						CreatedOnToolsVersion = 12.1;
					};
				};
			};
			buildConfigurationList = 6DF1721E258EA0F000C3631D /* Build configuration list for PBXProject "BeyondLimits" */;
			compatibilityVersion = "Xcode 9.3";
			developmentRegion = en;
			hasScannedForEncodings = 0;
			knownRegions = (
				en,
				Base,
				ru,
				ar,
			);
			mainGroup = 6DF1721A258EA0F000C3631D;
			productRefGroup = 6DF17224258EA0F000C3631D /* Products */;
			projectDirPath = "";
			projectRoot = "";
			targets = (
				6DF17222258EA0F000C3631D /* BeyondLimits */,
			);
		};
/* End PBXProject section */

/* Begin PBXResourcesBuildPhase section */
		6DF17221258EA0F000C3631D /* Resources */ = {
			isa = PBXResourcesBuildPhase;
			buildActionMask = 2147483647;
			files = (
				6DF17233258EA0F000C3631D /* LaunchScreen.storyboard in Resources */,
				6D922D3825951F0400F35B90 /* Localizable.strings in Resources */,
				6DF17230258EA0F000C3631D /* Assets.xcassets in Resources */,
			);
			runOnlyForDeploymentPostprocessing = 0;
		};
/* End PBXResourcesBuildPhase section */

/* Begin PBXSourcesBuildPhase section */
		6DF1721F258EA0F000C3631D /* Sources */ = {
			isa = PBXSourcesBuildPhase;
			buildActionMask = 2147483647;
			files = (
				6DF17243258FC1D200C3631D /* ProfileVC.swift in Sources */,
				6D922D332595158D00F35B90 /* AlertViewController.swift in Sources */,
				6D922D212594EC6400F35B90 /* VideosVC.swift in Sources */,
				6DF17240258FBDB900C3631D /* MainButton.swift in Sources */,
				6D922D2F259514BB00F35B90 /* UIViewController+Alert.swift in Sources */,
				6DF1722B258EA0F000C3631D /* BeyondLimitsVC.swift in Sources */,
				6DF1724B258FE5CB00C3631D /* CheckStatsVC.swift in Sources */,
				6D922D242594ECAA00F35B90 /* Constants.swift in Sources */,
				6DF17227258EA0F000C3631D /* AppDelegate.swift in Sources */,
				6DF17251258FF0FD00C3631D /* TitleLabel.swift in Sources */,
				6DF1724E258FF06F00C3631D /* ItemInfo.swift in Sources */,
				6D922D2B259513B400F35B90 /* AlertContainerView.swift in Sources */,
				6DF17229258EA0F000C3631D /* SceneDelegate.swift in Sources */,
				6D922D282594EEC700F35B90 /* GamesVC.swift in Sources */,
			);
			runOnlyForDeploymentPostprocessing = 0;
		};
/* End PBXSourcesBuildPhase section */

/* Begin PBXVariantGroup section */
		6D922D3A25951F0400F35B90 /* Localizable.strings */ = {
			isa = PBXVariantGroup;
			children = (
				6D922D3925951F0400F35B90 /* en */,
				6DF0B94A259530AE007AAE63 /* ru */,
				6DF0B94D25953238007AAE63 /* ar */,
			);
			name = Localizable.strings;
			sourceTree = "<group>";
		};
		6DF17231258EA0F000C3631D /* LaunchScreen.storyboard */ = {
			isa = PBXVariantGroup;
			children = (
				6DF17232258EA0F000C3631D /* Base */,
				6DF0B949259530AE007AAE63 /* ru */,
				6DF0B94C25953238007AAE63 /* ar */,
			);
			name = LaunchScreen.storyboard;
			sourceTree = "<group>";
		};
/* End PBXVariantGroup section */

/* Begin XCBuildConfiguration section */
		6DF17235258EA0F000C3631D /* Debug */ = {
			isa = XCBuildConfiguration;
			buildSettings = {
				ALWAYS_SEARCH_USER_PATHS = NO;
				CLANG_ANALYZER_LOCALIZABILITY_NONLOCALIZED = YES;
				CLANG_ANALYZER_NONNULL = YES;
				CLANG_ANALYZER_NUMBER_OBJECT_CONVERSION = YES_AGGRESSIVE;
				CLANG_CXX_LANGUAGE_STANDARD = "gnu++14";
				CLANG_CXX_LIBRARY = "libc++";
				CLANG_ENABLE_MODULES = YES;
				CLANG_ENABLE_OBJC_ARC = YES;
				CLANG_ENABLE_OBJC_WEAK = YES;
				CLANG_WARN_BLOCK_CAPTURE_AUTORELEASING = YES;
				CLANG_WARN_BOOL_CONVERSION = YES;
				CLANG_WARN_COMMA = YES;
				CLANG_WARN_CONSTANT_CONVERSION = YES;
				CLANG_WARN_DEPRECATED_OBJC_IMPLEMENTATIONS = YES;
				CLANG_WARN_DIRECT_OBJC_ISA_USAGE = YES_ERROR;
				CLANG_WARN_DOCUMENTATION_COMMENTS = YES;
				CLANG_WARN_EMPTY_BODY = YES;
				CLANG_WARN_ENUM_CONVERSION = YES;
				CLANG_WARN_INFINITE_RECURSION = YES;
				CLANG_WARN_INT_CONVERSION = YES;
				CLANG_WARN_NON_LITERAL_NULL_CONVERSION = YES;
				CLANG_WARN_OBJC_IMPLICIT_RETAIN_SELF = YES;
				CLANG_WARN_OBJC_LITERAL_CONVERSION = YES;
				CLANG_WARN_OBJC_ROOT_CLASS = YES_ERROR;
				CLANG_WARN_QUOTED_INCLUDE_IN_FRAMEWORK_HEADER = YES;
				CLANG_WARN_RANGE_LOOP_ANALYSIS = YES;
				CLANG_WARN_STRICT_PROTOTYPES = YES;
				CLANG_WARN_SUSPICIOUS_MOVE = YES;
				CLANG_WARN_UNGUARDED_AVAILABILITY = YES_AGGRESSIVE;
				CLANG_WARN_UNREACHABLE_CODE = YES;
				CLANG_WARN__DUPLICATE_METHOD_MATCH = YES;
				COPY_PHASE_STRIP = NO;
				DEBUG_INFORMATION_FORMAT = dwarf;
				ENABLE_STRICT_OBJC_MSGSEND = YES;
				ENABLE_TESTABILITY = YES;
				GCC_C_LANGUAGE_STANDARD = gnu11;
				GCC_DYNAMIC_NO_PIC = NO;
				GCC_NO_COMMON_BLOCKS = YES;
				GCC_OPTIMIZATION_LEVEL = 0;
				GCC_PREPROCESSOR_DEFINITIONS = (
					"DEBUG=1",
					"$(inherited)",
				);
				GCC_WARN_64_TO_32_BIT_CONVERSION = YES;
				GCC_WARN_ABOUT_RETURN_TYPE = YES_ERROR;
				GCC_WARN_UNDECLARED_SELECTOR = YES;
				GCC_WARN_UNINITIALIZED_AUTOS = YES_AGGRESSIVE;
				GCC_WARN_UNUSED_FUNCTION = YES;
				GCC_WARN_UNUSED_VARIABLE = YES;
				IPHONEOS_DEPLOYMENT_TARGET = 14.1;
				MTL_ENABLE_DEBUG_INFO = INCLUDE_SOURCE;
				MTL_FAST_MATH = YES;
				ONLY_ACTIVE_ARCH = YES;
				SDKROOT = iphoneos;
				SWIFT_ACTIVE_COMPILATION_CONDITIONS = DEBUG;
				SWIFT_OPTIMIZATION_LEVEL = "-Onone";
			};
			name = Debug;
		};
		6DF17236258EA0F000C3631D /* Release */ = {
			isa = XCBuildConfiguration;
			buildSettings = {
				ALWAYS_SEARCH_USER_PATHS = NO;
				CLANG_ANALYZER_LOCALIZABILITY_NONLOCALIZED = YES;
				CLANG_ANALYZER_NONNULL = YES;
				CLANG_ANALYZER_NUMBER_OBJECT_CONVERSION = YES_AGGRESSIVE;
				CLANG_CXX_LANGUAGE_STANDARD = "gnu++14";
				CLANG_CXX_LIBRARY = "libc++";
				CLANG_ENABLE_MODULES = YES;
				CLANG_ENABLE_OBJC_ARC = YES;
				CLANG_ENABLE_OBJC_WEAK = YES;
				CLANG_WARN_BLOCK_CAPTURE_AUTORELEASING = YES;
				CLANG_WARN_BOOL_CONVERSION = YES;
				CLANG_WARN_COMMA = YES;
				CLANG_WARN_CONSTANT_CONVERSION = YES;
				CLANG_WARN_DEPRECATED_OBJC_IMPLEMENTATIONS = YES;
				CLANG_WARN_DIRECT_OBJC_ISA_USAGE = YES_ERROR;
				CLANG_WARN_DOCUMENTATION_COMMENTS = YES;
				CLANG_WARN_EMPTY_BODY = YES;
				CLANG_WARN_ENUM_CONVERSION = YES;
				CLANG_WARN_INFINITE_RECURSION = YES;
				CLANG_WARN_INT_CONVERSION = YES;
				CLANG_WARN_NON_LITERAL_NULL_CONVERSION = YES;
				CLANG_WARN_OBJC_IMPLICIT_RETAIN_SELF = YES;
				CLANG_WARN_OBJC_LITERAL_CONVERSION = YES;
				CLANG_WARN_OBJC_ROOT_CLASS = YES_ERROR;
				CLANG_WARN_QUOTED_INCLUDE_IN_FRAMEWORK_HEADER = YES;
				CLANG_WARN_RANGE_LOOP_ANALYSIS = YES;
				CLANG_WARN_STRICT_PROTOTYPES = YES;
				CLANG_WARN_SUSPICIOUS_MOVE = YES;
				CLANG_WARN_UNGUARDED_AVAILABILITY = YES_AGGRESSIVE;
				CLANG_WARN_UNREACHABLE_CODE = YES;
				CLANG_WARN__DUPLICATE_METHOD_MATCH = YES;
				COPY_PHASE_STRIP = NO;
				DEBUG_INFORMATION_FORMAT = "dwarf-with-dsym";
				ENABLE_NS_ASSERTIONS = NO;
				ENABLE_STRICT_OBJC_MSGSEND = YES;
				GCC_C_LANGUAGE_STANDARD = gnu11;
				GCC_NO_COMMON_BLOCKS = YES;
				GCC_WARN_64_TO_32_BIT_CONVERSION = YES;
				GCC_WARN_ABOUT_RETURN_TYPE = YES_ERROR;
				GCC_WARN_UNDECLARED_SELECTOR = YES;
				GCC_WARN_UNINITIALIZED_AUTOS = YES_AGGRESSIVE;
				GCC_WARN_UNUSED_FUNCTION = YES;
				GCC_WARN_UNUSED_VARIABLE = YES;
				IPHONEOS_DEPLOYMENT_TARGET = 14.1;
				MTL_ENABLE_DEBUG_INFO = NO;
				MTL_FAST_MATH = YES;
				SDKROOT = iphoneos;
				SWIFT_COMPILATION_MODE = wholemodule;
				SWIFT_OPTIMIZATION_LEVEL = "-O";
				VALIDATE_PRODUCT = YES;
			};
			name = Release;
		};
		6DF17238258EA0F000C3631D /* Debug */ = {
			isa = XCBuildConfiguration;
			buildSettings = {
				ASSETCATALOG_COMPILER_APPICON_NAME = AppIcon;
				ASSETCATALOG_COMPILER_GLOBAL_ACCENT_COLOR_NAME = AccentColor;
				CODE_SIGN_STYLE = Automatic;
				INFOPLIST_FILE = BeyondLimits/Info.plist;
				LD_RUNPATH_SEARCH_PATHS = (
					"$(inherited)",
					"@executable_path/Frameworks",
				);
				PRODUCT_BUNDLE_IDENTIFIER = myronovych.BeyondLimits;
				PRODUCT_NAME = "$(TARGET_NAME)";
				SWIFT_VERSION = 5.0;
				TARGETED_DEVICE_FAMILY = 1;
			};
			name = Debug;
		};
		6DF17239258EA0F000C3631D /* Release */ = {
			isa = XCBuildConfiguration;
			buildSettings = {
				ASSETCATALOG_COMPILER_APPICON_NAME = AppIcon;
				ASSETCATALOG_COMPILER_GLOBAL_ACCENT_COLOR_NAME = AccentColor;
				CODE_SIGN_STYLE = Automatic;
				INFOPLIST_FILE = BeyondLimits/Info.plist;
				LD_RUNPATH_SEARCH_PATHS = (
					"$(inherited)",
					"@executable_path/Frameworks",
				);
				PRODUCT_BUNDLE_IDENTIFIER = myronovych.BeyondLimits;
				PRODUCT_NAME = "$(TARGET_NAME)";
				SWIFT_VERSION = 5.0;
				TARGETED_DEVICE_FAMILY = 1;
			};
			name = Release;
		};
/* End XCBuildConfiguration section */

/* Begin XCConfigurationList section */
		6DF1721E258EA0F000C3631D /* Build configuration list for PBXProject "BeyondLimits" */ = {
			isa = XCConfigurationList;
			buildConfigurations = (
				6DF17235258EA0F000C3631D /* Debug */,
				6DF17236258EA0F000C3631D /* Release */,
			);
			defaultConfigurationIsVisible = 0;
			defaultConfigurationName = Release;
		};
		6DF17237258EA0F000C3631D /* Build configuration list for PBXNativeTarget "BeyondLimits" */ = {
			isa = XCConfigurationList;
			buildConfigurations = (
				6DF17238258EA0F000C3631D /* Debug */,
				6DF17239258EA0F000C3631D /* Release */,
			);
			defaultConfigurationIsVisible = 0;
			defaultConfigurationName = Release;
		};
/* End XCConfigurationList section */
	};
	rootObject = 6DF1721B258EA0F000C3631D /* Project object */;
}
