// !$*UTF8*$!
{
	archiveVersion = 1;
	classes = {
	};
	objectVersion = 50;
	objects = {

/* Begin PBXBuildFile section */
		53E5CEB3257B727000B870CF /* AppDelegate.swift in Sources */ = {isa = PBXBuildFile; fileRef = 53E5CEB2257B727000B870CF /* AppDelegate.swift */; };
		53E5CEB5257B727000B870CF /* SceneDelegate.swift in Sources */ = {isa = PBXBuildFile; fileRef = 53E5CEB4257B727000B870CF /* SceneDelegate.swift */; };
		53E5CEB7257B727000B870CF /* FactorialVC.swift in Sources */ = {isa = PBXBuildFile; fileRef = 53E5CEB6257B727000B870CF /* FactorialVC.swift */; };
		53E5CEBC257B727500B870CF /* Assets.xcassets in Resources */ = {isa = PBXBuildFile; fileRef = 53E5CEBB257B727500B870CF /* Assets.xcassets */; };
		53E5CEBF257B727500B870CF /* LaunchScreen.storyboard in Resources */ = {isa = PBXBuildFile; fileRef = 53E5CEBD257B727500B870CF /* LaunchScreen.storyboard */; };
		53E5CEC7257B79FF00B870CF /* TasksTabBarController.swift in Sources */ = {isa = PBXBuildFile; fileRef = 53E5CEC6257B79FF00B870CF /* TasksTabBarController.swift */; };
		53E5CEC9257BBF4000B870CF /* EnteringVC.swift in Sources */ = {isa = PBXBuildFile; fileRef = 53E5CEC8257BBF4000B870CF /* EnteringVC.swift */; };
/* End PBXBuildFile section */

/* Begin PBXFileReference section */
		53E5CEAF257B727000B870CF /* ParimatchHW1.app */ = {isa = PBXFileReference; explicitFileType = wrapper.application; includeInIndex = 0; path = ParimatchHW1.app; sourceTree = BUILT_PRODUCTS_DIR; };
		53E5CEB2257B727000B870CF /* AppDelegate.swift */ = {isa = PBXFileReference; lastKnownFileType = sourcecode.swift; path = AppDelegate.swift; sourceTree = "<group>"; };
		53E5CEB4257B727000B870CF /* SceneDelegate.swift */ = {isa = PBXFileReference; lastKnownFileType = sourcecode.swift; path = SceneDelegate.swift; sourceTree = "<group>"; };
		53E5CEB6257B727000B870CF /* FactorialVC.swift */ = {isa = PBXFileReference; lastKnownFileType = sourcecode.swift; path = FactorialVC.swift; sourceTree = "<group>"; };
		53E5CEBB257B727500B870CF /* Assets.xcassets */ = {isa = PBXFileReference; lastKnownFileType = folder.assetcatalog; path = Assets.xcassets; sourceTree = "<group>"; };
		53E5CEBE257B727500B870CF /* Base */ = {isa = PBXFileReference; lastKnownFileType = file.storyboard; name = Base; path = Base.lproj/LaunchScreen.storyboard; sourceTree = "<group>"; };
		53E5CEC0257B727500B870CF /* Info.plist */ = {isa = PBXFileReference; lastKnownFileType = text.plist.xml; path = Info.plist; sourceTree = "<group>"; };
		53E5CEC6257B79FF00B870CF /* TasksTabBarController.swift */ = {isa = PBXFileReference; lastKnownFileType = sourcecode.swift; path = TasksTabBarController.swift; sourceTree = "<group>"; };
		53E5CEC8257BBF4000B870CF /* EnteringVC.swift */ = {isa = PBXFileReference; lastKnownFileType = sourcecode.swift; path = EnteringVC.swift; sourceTree = "<group>"; };
/* End PBXFileReference section */

/* Begin PBXFrameworksBuildPhase section */
		53E5CEAC257B727000B870CF /* Frameworks */ = {
			isa = PBXFrameworksBuildPhase;
			buildActionMask = 2147483647;
			files = (
			);
			runOnlyForDeploymentPostprocessing = 0;
		};
/* End PBXFrameworksBuildPhase section */

/* Begin PBXGroup section */
		53E5CEA6257B727000B870CF = {
			isa = PBXGroup;
			children = (
				53E5CEB1257B727000B870CF /* ParimatchHW */,
				53E5CEB0257B727000B870CF /* Products */,
			);
			sourceTree = "<group>";
		};
		53E5CEB0257B727000B870CF /* Products */ = {
			isa = PBXGroup;
			children = (
				53E5CEAF257B727000B870CF /* ParimatchHW1.app */,
			);
			name = Products;
			sourceTree = "<group>";
		};
		53E5CEB1257B727000B870CF /* ParimatchHW */ = {
			isa = PBXGroup;
			children = (
				53E5CEB2257B727000B870CF /* AppDelegate.swift */,
				53E5CEB4257B727000B870CF /* SceneDelegate.swift */,
				53E5CEB6257B727000B870CF /* FactorialVC.swift */,
				53E5CEBB257B727500B870CF /* Assets.xcassets */,
				53E5CEBD257B727500B870CF /* LaunchScreen.storyboard */,
				53E5CEC0257B727500B870CF /* Info.plist */,
				53E5CEC6257B79FF00B870CF /* TasksTabBarController.swift */,
				53E5CEC8257BBF4000B870CF /* EnteringVC.swift */,
			);
			path = ParimatchHW;
			sourceTree = "<group>";
		};
/* End PBXGroup section */

/* Begin PBXNativeTarget section */
		53E5CEAE257B727000B870CF /* ParimatchHW */ = {
			isa = PBXNativeTarget;
			buildConfigurationList = 53E5CEC3257B727500B870CF /* Build configuration list for PBXNativeTarget "ParimatchHW" */;
			buildPhases = (
				53E5CEAB257B727000B870CF /* Sources */,
				53E5CEAC257B727000B870CF /* Frameworks */,
				53E5CEAD257B727000B870CF /* Resources */,
			);
			buildRules = (
			);
			dependencies = (
			);
			name = ParimatchHW;
			productName = ParimatchHW;
			productReference = 53E5CEAF257B727000B870CF /* ParimatchHW1.app */;
			productType = "com.apple.product-type.application";
		};
/* End PBXNativeTarget section */

/* Begin PBXProject section */
		53E5CEA7257B727000B870CF /* Project object */ = {
			isa = PBXProject;
			attributes = {
				LastSwiftUpdateCheck = 1130;
				LastUpgradeCheck = 1130;
				ORGANIZATIONNAME = "Oleksandr Myronovych";
				TargetAttributes = {
					53E5CEAE257B727000B870CF = {
						CreatedOnToolsVersion = 11.3.1;
					};
				};
			};
			buildConfigurationList = 53E5CEAA257B727000B870CF /* Build configuration list for PBXProject "ParimatchHW1" */;
			compatibilityVersion = "Xcode 9.3";
			developmentRegion = en;
			hasScannedForEncodings = 0;
			knownRegions = (
				en,
				Base,
			);
			mainGroup = 53E5CEA6257B727000B870CF;
			productRefGroup = 53E5CEB0257B727000B870CF /* Products */;
			projectDirPath = "";
			projectRoot = "";
			targets = (
				53E5CEAE257B727000B870CF /* ParimatchHW */,
			);
		};
/* End PBXProject section */

/* Begin PBXResourcesBuildPhase section */
		53E5CEAD257B727000B870CF /* Resources */ = {
			isa = PBXResourcesBuildPhase;
			buildActionMask = 2147483647;
			files = (
				53E5CEBF257B727500B870CF /* LaunchScreen.storyboard in Resources */,
				53E5CEBC257B727500B870CF /* Assets.xcassets in Resources */,
			);
			runOnlyForDeploymentPostprocessing = 0;
		};
/* End PBXResourcesBuildPhase section */

/* Begin PBXSourcesBuildPhase section */
		53E5CEAB257B727000B870CF /* Sources */ = {
			isa = PBXSourcesBuildPhase;
			buildActionMask = 2147483647;
			files = (
				53E5CEC7257B79FF00B870CF /* TasksTabBarController.swift in Sources */,
				53E5CEB7257B727000B870CF /* FactorialVC.swift in Sources */,
				53E5CEC9257BBF4000B870CF /* EnteringVC.swift in Sources */,
				53E5CEB3257B727000B870CF /* AppDelegate.swift in Sources */,
				53E5CEB5257B727000B870CF /* SceneDelegate.swift in Sources */,
			);
			runOnlyForDeploymentPostprocessing = 0;
		};
/* End PBXSourcesBuildPhase section */

/* Begin PBXVariantGroup section */
		53E5CEBD257B727500B870CF /* LaunchScreen.storyboard */ = {
			isa = PBXVariantGroup;
			children = (
				53E5CEBE257B727500B870CF /* Base */,
			);
			name = LaunchScreen.storyboard;
			sourceTree = "<group>";
		};
/* End PBXVariantGroup section */

/* Begin XCBuildConfiguration section */
		53E5CEC1257B727500B870CF /* Debug */ = {
			isa = XCBuildConfiguration;
			buildSettings = {
				ALWAYS_SEARCH_USER_PATHS = NO;
				CLANG_ANALYZER_NONNULL = YES;
				CLANG_ANALYZER_NUMBER_OBJECT_CONVERSION = YES_AGGRESSIVE;
				CLANG_CXX_LANGUAGE_STANDARD = "gnu++14";
				CLANG_CXX_LIBRARY = "libc++";
				CLANG_ENABLE_MODULES = YES;
				CLANG_ENABLE_OBJC_ARC = YES;
				CLANG_ENABLE_OBJC_WEAK = YES;
				CLANG_WARN_BLOCK_CAPTURE_AUTORELEASING = YES;
				CLANG_WARN_BOOL_CONVERSION = YES;
				CLANG_WARN_COMMA = YES;
				CLANG_WARN_CONSTANT_CONVERSION = YES;
				CLANG_WARN_DEPRECATED_OBJC_IMPLEMENTATIONS = YES;
				CLANG_WARN_DIRECT_OBJC_ISA_USAGE = YES_ERROR;
				CLANG_WARN_DOCUMENTATION_COMMENTS = YES;
				CLANG_WARN_EMPTY_BODY = YES;
				CLANG_WARN_ENUM_CONVERSION = YES;
				CLANG_WARN_INFINITE_RECURSION = YES;
				CLANG_WARN_INT_CONVERSION = YES;
				CLANG_WARN_NON_LITERAL_NULL_CONVERSION = YES;
				CLANG_WARN_OBJC_IMPLICIT_RETAIN_SELF = YES;
				CLANG_WARN_OBJC_LITERAL_CONVERSION = YES;
				CLANG_WARN_OBJC_ROOT_CLASS = YES_ERROR;
				CLANG_WARN_RANGE_LOOP_ANALYSIS = YES;
				CLANG_WARN_STRICT_PROTOTYPES = YES;
				CLANG_WARN_SUSPICIOUS_MOVE = YES;
				CLANG_WARN_UNGUARDED_AVAILABILITY = YES_AGGRESSIVE;
				CLANG_WARN_UNREACHABLE_CODE = YES;
				CLANG_WARN__DUPLICATE_METHOD_MATCH = YES;
				COPY_PHASE_STRIP = NO;
				DEBUG_INFORMATION_FORMAT = dwarf;
				ENABLE_STRICT_OBJC_MSGSEND = YES;
				ENABLE_TESTABILITY = YES;
				GCC_C_LANGUAGE_STANDARD = gnu11;
				GCC_DYNAMIC_NO_PIC = NO;
				GCC_NO_COMMON_BLOCKS = YES;
				GCC_OPTIMIZATION_LEVEL = 0;
				GCC_PREPROCESSOR_DEFINITIONS = (
					"DEBUG=1",
					"$(inherited)",
				);
				GCC_WARN_64_TO_32_BIT_CONVERSION = YES;
				GCC_WARN_ABOUT_RETURN_TYPE = YES_ERROR;
				GCC_WARN_UNDECLARED_SELECTOR = YES;
				GCC_WARN_UNINITIALIZED_AUTOS = YES_AGGRESSIVE;
				GCC_WARN_UNUSED_FUNCTION = YES;
				GCC_WARN_UNUSED_VARIABLE = YES;
				IPHONEOS_DEPLOYMENT_TARGET = 13.2;
				MTL_ENABLE_DEBUG_INFO = INCLUDE_SOURCE;
				MTL_FAST_MATH = YES;
				ONLY_ACTIVE_ARCH = YES;
				SDKROOT = iphoneos;
				SWIFT_ACTIVE_COMPILATION_CONDITIONS = DEBUG;
				SWIFT_OPTIMIZATION_LEVEL = "-Onone";
			};
			name = Debug;
		};
		53E5CEC2257B727500B870CF /* Release */ = {
			isa = XCBuildConfiguration;
			buildSettings = {
				ALWAYS_SEARCH_USER_PATHS = NO;
				CLANG_ANALYZER_NONNULL = YES;
				CLANG_ANALYZER_NUMBER_OBJECT_CONVERSION = YES_AGGRESSIVE;
				CLANG_CXX_LANGUAGE_STANDARD = "gnu++14";
				CLANG_CXX_LIBRARY = "libc++";
				CLANG_ENABLE_MODULES = YES;
				CLANG_ENABLE_OBJC_ARC = YES;
				CLANG_ENABLE_OBJC_WEAK = YES;
				CLANG_WARN_BLOCK_CAPTURE_AUTORELEASING = YES;
				CLANG_WARN_BOOL_CONVERSION = YES;
				CLANG_WARN_COMMA = YES;
				CLANG_WARN_CONSTANT_CONVERSION = YES;
				CLANG_WARN_DEPRECATED_OBJC_IMPLEMENTATIONS = YES;
				CLANG_WARN_DIRECT_OBJC_ISA_USAGE = YES_ERROR;
				CLANG_WARN_DOCUMENTATION_COMMENTS = YES;
				CLANG_WARN_EMPTY_BODY = YES;
				CLANG_WARN_ENUM_CONVERSION = YES;
				CLANG_WARN_INFINITE_RECURSION = YES;
				CLANG_WARN_INT_CONVERSION = YES;
				CLANG_WARN_NON_LITERAL_NULL_CONVERSION = YES;
				CLANG_WARN_OBJC_IMPLICIT_RETAIN_SELF = YES;
				CLANG_WARN_OBJC_LITERAL_CONVERSION = YES;
				CLANG_WARN_OBJC_ROOT_CLASS = YES_ERROR;
				CLANG_WARN_RANGE_LOOP_ANALYSIS = YES;
				CLANG_WARN_STRICT_PROTOTYPES = YES;
				CLANG_WARN_SUSPICIOUS_MOVE = YES;
				CLANG_WARN_UNGUARDED_AVAILABILITY = YES_AGGRESSIVE;
				CLANG_WARN_UNREACHABLE_CODE = YES;
				CLANG_WARN__DUPLICATE_METHOD_MATCH = YES;
				COPY_PHASE_STRIP = NO;
				DEBUG_INFORMATION_FORMAT = "dwarf-with-dsym";
				ENABLE_NS_ASSERTIONS = NO;
				ENABLE_STRICT_OBJC_MSGSEND = YES;
				GCC_C_LANGUAGE_STANDARD = gnu11;
				GCC_NO_COMMON_BLOCKS = YES;
				GCC_WARN_64_TO_32_BIT_CONVERSION = YES;
				GCC_WARN_ABOUT_RETURN_TYPE = YES_ERROR;
				GCC_WARN_UNDECLARED_SELECTOR = YES;
				GCC_WARN_UNINITIALIZED_AUTOS = YES_AGGRESSIVE;
				GCC_WARN_UNUSED_FUNCTION = YES;
				GCC_WARN_UNUSED_VARIABLE = YES;
				IPHONEOS_DEPLOYMENT_TARGET = 13.2;
				MTL_ENABLE_DEBUG_INFO = NO;
				MTL_FAST_MATH = YES;
				SDKROOT = iphoneos;
				SWIFT_COMPILATION_MODE = wholemodule;
				SWIFT_OPTIMIZATION_LEVEL = "-O";
				VALIDATE_PRODUCT = YES;
			};
			name = Release;
		};
		53E5CEC4257B727500B870CF /* Debug */ = {
			isa = XCBuildConfiguration;
			buildSettings = {
				ASSETCATALOG_COMPILER_APPICON_NAME = AppIcon;
				CODE_SIGN_STYLE = Automatic;
				INFOPLIST_FILE = ParimatchHW/Info.plist;
				LD_RUNPATH_SEARCH_PATHS = (
					"$(inherited)",
					"@executable_path/Frameworks",
				);
				PRODUCT_BUNDLE_IDENTIFIER = me.Myronovych.Oleksandr.ParimatchHW;
				PRODUCT_NAME = ParimatchHW1;
				SWIFT_VERSION = 5.0;
				TARGETED_DEVICE_FAMILY = "1,2";
			};
			name = Debug;
		};
		53E5CEC5257B727500B870CF /* Release */ = {
			isa = XCBuildConfiguration;
			buildSettings = {
				ASSETCATALOG_COMPILER_APPICON_NAME = AppIcon;
				CODE_SIGN_STYLE = Automatic;
				INFOPLIST_FILE = ParimatchHW/Info.plist;
				LD_RUNPATH_SEARCH_PATHS = (
					"$(inherited)",
					"@executable_path/Frameworks",
				);
				PRODUCT_BUNDLE_IDENTIFIER = me.Myronovych.Oleksandr.ParimatchHW;
				PRODUCT_NAME = ParimatchHW1;
				SWIFT_VERSION = 5.0;
				TARGETED_DEVICE_FAMILY = "1,2";
			};
			name = Release;
		};
/* End XCBuildConfiguration section */

/* Begin XCConfigurationList section */
		53E5CEAA257B727000B870CF /* Build configuration list for PBXProject "ParimatchHW1" */ = {
			isa = XCConfigurationList;
			buildConfigurations = (
				53E5CEC1257B727500B870CF /* Debug */,
				53E5CEC2257B727500B870CF /* Release */,
			);
			defaultConfigurationIsVisible = 0;
			defaultConfigurationName = Release;
		};
		53E5CEC3257B727500B870CF /* Build configuration list for PBXNativeTarget "ParimatchHW" */ = {
			isa = XCConfigurationList;
			buildConfigurations = (
				53E5CEC4257B727500B870CF /* Debug */,
				53E5CEC5257B727500B870CF /* Release */,
			);
			defaultConfigurationIsVisible = 0;
			defaultConfigurationName = Release;
		};
/* End XCConfigurationList section */
	};
	rootObject = 53E5CEA7257B727000B870CF /* Project object */;
}
